<?xml version="1.0" encoding="utf-8"?>
<Project ToolsVersion="15.0" xmlns="http://schemas.microsoft.com/developer/msbuild/2003">
  <ItemGroup>
    <ClCompile Include="D:\gzdoom custom\asmjit\asmjit\base\arch.cpp">
      <Filter>Source Files</Filter>
    </ClCompile>
    <ClCompile Include="D:\gzdoom custom\asmjit\asmjit\base\assembler.cpp">
      <Filter>Source Files</Filter>
    </ClCompile>
    <ClCompile Include="D:\gzdoom custom\asmjit\asmjit\base\codebuilder.cpp">
      <Filter>Source Files</Filter>
    </ClCompile>
    <ClCompile Include="D:\gzdoom custom\asmjit\asmjit\base\codecompiler.cpp">
      <Filter>Source Files</Filter>
    </ClCompile>
    <ClCompile Include="D:\gzdoom custom\asmjit\asmjit\base\codeemitter.cpp">
      <Filter>Source Files</Filter>
    </ClCompile>
    <ClCompile Include="D:\gzdoom custom\asmjit\asmjit\base\codeholder.cpp">
      <Filter>Source Files</Filter>
    </ClCompile>
    <ClCompile Include="D:\gzdoom custom\asmjit\asmjit\base\constpool.cpp">
      <Filter>Source Files</Filter>
    </ClCompile>
    <ClCompile Include="D:\gzdoom custom\asmjit\asmjit\base\cpuinfo.cpp">
      <Filter>Source Files</Filter>
    </ClCompile>
    <ClCompile Include="D:\gzdoom custom\asmjit\asmjit\base\func.cpp">
      <Filter>Source Files</Filter>
    </ClCompile>
    <ClCompile Include="D:\gzdoom custom\asmjit\asmjit\base\globals.cpp">
      <Filter>Source Files</Filter>
    </ClCompile>
    <ClCompile Include="D:\gzdoom custom\asmjit\asmjit\base\inst.cpp">
      <Filter>Source Files</Filter>
    </ClCompile>
    <ClCompile Include="D:\gzdoom custom\asmjit\asmjit\base\logging.cpp">
      <Filter>Source Files</Filter>
    </ClCompile>
    <ClCompile Include="D:\gzdoom custom\asmjit\asmjit\base\operand.cpp">
      <Filter>Source Files</Filter>
    </ClCompile>
    <ClCompile Include="D:\gzdoom custom\asmjit\asmjit\base\osutils.cpp">
      <Filter>Source Files</Filter>
    </ClCompile>
    <ClCompile Include="D:\gzdoom custom\asmjit\asmjit\base\regalloc.cpp">
      <Filter>Source Files</Filter>
    </ClCompile>
    <ClCompile Include="D:\gzdoom custom\asmjit\asmjit\base\runtime.cpp">
      <Filter>Source Files</Filter>
    </ClCompile>
    <ClCompile Include="D:\gzdoom custom\asmjit\asmjit\base\string.cpp">
      <Filter>Source Files</Filter>
    </ClCompile>
    <ClCompile Include="D:\gzdoom custom\asmjit\asmjit\base\utils.cpp">
      <Filter>Source Files</Filter>
    </ClCompile>
    <ClCompile Include="D:\gzdoom custom\asmjit\asmjit\base\vmem.cpp">
      <Filter>Source Files</Filter>
    </ClCompile>
    <ClCompile Include="D:\gzdoom custom\asmjit\asmjit\base\zone.cpp">
      <Filter>Source Files</Filter>
    </ClCompile>
    <ClCompile Include="D:\gzdoom custom\asmjit\asmjit\x86\x86assembler.cpp">
      <Filter>Source Files</Filter>
    </ClCompile>
    <ClCompile Include="D:\gzdoom custom\asmjit\asmjit\x86\x86builder.cpp">
      <Filter>Source Files</Filter>
    </ClCompile>
    <ClCompile Include="D:\gzdoom custom\asmjit\asmjit\x86\x86compiler.cpp">
      <Filter>Source Files</Filter>
    </ClCompile>
    <ClCompile Include="D:\gzdoom custom\asmjit\asmjit\x86\x86inst.cpp">
      <Filter>Source Files</Filter>
    </ClCompile>
    <ClCompile Include="D:\gzdoom custom\asmjit\asmjit\x86\x86instimpl.cpp">
      <Filter>Source Files</Filter>
    </ClCompile>
    <ClCompile Include="D:\gzdoom custom\asmjit\asmjit\x86\x86internal.cpp">
      <Filter>Source Files</Filter>
    </ClCompile>
    <ClCompile Include="D:\gzdoom custom\asmjit\asmjit\x86\x86logging.cpp">
      <Filter>Source Files</Filter>
    </ClCompile>
    <ClCompile Include="D:\gzdoom custom\asmjit\asmjit\x86\x86operand.cpp">
      <Filter>Source Files</Filter>
    </ClCompile>
    <ClCompile Include="D:\gzdoom custom\asmjit\asmjit\x86\x86operand_regs.cpp">
      <Filter>Source Files</Filter>
    </ClCompile>
    <ClCompile Include="D:\gzdoom custom\asmjit\asmjit\x86\x86regalloc.cpp">
      <Filter>Source Files</Filter>
    </ClCompile>
  </ItemGroup>
  <ItemGroup>
    <ClInclude Include="D:\gzdoom custom\asmjit\asmjit\arm.h">
      <Filter>Header Files</Filter>
    </ClInclude>
    <ClInclude Include="D:\gzdoom custom\asmjit\asmjit\asmjit.h">
      <Filter>Header Files</Filter>
    </ClInclude>
    <ClInclude Include="D:\gzdoom custom\asmjit\asmjit\asmjit_apibegin.h">
      <Filter>Header Files</Filter>
    </ClInclude>
    <ClInclude Include="D:\gzdoom custom\asmjit\asmjit\asmjit_apiend.h">
      <Filter>Header Files</Filter>
    </ClInclude>
    <ClInclude Include="D:\gzdoom custom\asmjit\asmjit\asmjit_build.h">
      <Filter>Header Files</Filter>
    </ClInclude>
    <ClInclude Include="D:\gzdoom custom\asmjit\asmjit\base.h">
      <Filter>Header Files</Filter>
    </ClInclude>
    <ClInclude Include="D:\gzdoom custom\asmjit\asmjit\base\arch.h">
      <Filter>Header Files</Filter>
    </ClInclude>
    <ClInclude Include="D:\gzdoom custom\asmjit\asmjit\base\assembler.h">
      <Filter>Header Files</Filter>
    </ClInclude>
    <ClInclude Include="D:\gzdoom custom\asmjit\asmjit\base\codebuilder.h">
      <Filter>Header Files</Filter>
    </ClInclude>
    <ClInclude Include="D:\gzdoom custom\asmjit\asmjit\base\codecompiler.h">
      <Filter>Header Files</Filter>
    </ClInclude>
    <ClInclude Include="D:\gzdoom custom\asmjit\asmjit\base\codeemitter.h">
      <Filter>Header Files</Filter>
    </ClInclude>
    <ClInclude Include="D:\gzdoom custom\asmjit\asmjit\base\codeholder.h">
      <Filter>Header Files</Filter>
    </ClInclude>
    <ClInclude Include="D:\gzdoom custom\asmjit\asmjit\base\constpool.h">
      <Filter>Header Files</Filter>
    </ClInclude>
    <ClInclude Include="D:\gzdoom custom\asmjit\asmjit\base\cpuinfo.h">
      <Filter>Header Files</Filter>
    </ClInclude>
    <ClInclude Include="D:\gzdoom custom\asmjit\asmjit\base\func.h">
      <Filter>Header Files</Filter>
    </ClInclude>
    <ClInclude Include="D:\gzdoom custom\asmjit\asmjit\base\globals.h">
      <Filter>Header Files</Filter>
    </ClInclude>
    <ClInclude Include="D:\gzdoom custom\asmjit\asmjit\base\inst.h">
      <Filter>Header Files</Filter>
    </ClInclude>
    <ClInclude Include="D:\gzdoom custom\asmjit\asmjit\base\logging.h">
      <Filter>Header Files</Filter>
    </ClInclude>
    <ClInclude Include="D:\gzdoom custom\asmjit\asmjit\base\misc_p.h">
      <Filter>Header Files</Filter>
    </ClInclude>
    <ClInclude Include="D:\gzdoom custom\asmjit\asmjit\base\operand.h">
      <Filter>Header Files</Filter>
    </ClInclude>
    <ClInclude Include="D:\gzdoom custom\asmjit\asmjit\base\osutils.h">
      <Filter>Header Files</Filter>
    </ClInclude>
    <ClInclude Include="D:\gzdoom custom\asmjit\asmjit\base\regalloc_p.h">
      <Filter>Header Files</Filter>
    </ClInclude>
    <ClInclude Include="D:\gzdoom custom\asmjit\asmjit\base\runtime.h">
      <Filter>Header Files</Filter>
    </ClInclude>
    <ClInclude Include="D:\gzdoom custom\asmjit\asmjit\base\simdtypes.h">
      <Filter>Header Files</Filter>
    </ClInclude>
    <ClInclude Include="D:\gzdoom custom\asmjit\asmjit\base\string.h">
      <Filter>Header Files</Filter>
    </ClInclude>
    <ClInclude Include="D:\gzdoom custom\asmjit\asmjit\base\utils.h">
      <Filter>Header Files</Filter>
    </ClInclude>
    <ClInclude Include="D:\gzdoom custom\asmjit\asmjit\base\vmem.h">
      <Filter>Header Files</Filter>
    </ClInclude>
    <ClInclude Include="D:\gzdoom custom\asmjit\asmjit\base\zone.h">
      <Filter>Header Files</Filter>
    </ClInclude>
    <ClInclude Include="D:\gzdoom custom\asmjit\asmjit\x86.h">
      <Filter>Header Files</Filter>
    </ClInclude>
    <ClInclude Include="D:\gzdoom custom\asmjit\asmjit\x86\x86assembler.h">
      <Filter>Header Files</Filter>
    </ClInclude>
    <ClInclude Include="D:\gzdoom custom\asmjit\asmjit\x86\x86builder.h">
      <Filter>Header Files</Filter>
    </ClInclude>
    <ClInclude Include="D:\gzdoom custom\asmjit\asmjit\x86\x86compiler.h">
      <Filter>Header Files</Filter>
    </ClInclude>
    <ClInclude Include="D:\gzdoom custom\asmjit\asmjit\x86\x86emitter.h">
      <Filter>Header Files</Filter>
    </ClInclude>
    <ClInclude Include="D:\gzdoom custom\asmjit\asmjit\x86\x86globals.h">
      <Filter>Header Files</Filter>
    </ClInclude>
    <ClInclude Include="D:\gzdoom custom\asmjit\asmjit\x86\x86inst.h">
      <Filter>Header Files</Filter>
    </ClInclude>
    <ClInclude Include="D:\gzdoom custom\asmjit\asmjit\x86\x86instimpl_p.h">
      <Filter>Header Files</Filter>
    </ClInclude>
    <ClInclude Include="D:\gzdoom custom\asmjit\asmjit\x86\x86internal_p.h">
      <Filter>Header Files</Filter>
    </ClInclude>
    <ClInclude Include="D:\gzdoom custom\asmjit\asmjit\x86\x86logging_p.h">
      <Filter>Header Files</Filter>
    </ClInclude>
    <ClInclude Include="D:\gzdoom custom\asmjit\asmjit\x86\x86misc.h">
      <Filter>Header Files</Filter>
    </ClInclude>
    <ClInclude Include="D:\gzdoom custom\asmjit\asmjit\x86\x86operand.h">
      <Filter>Header Files</Filter>
    </ClInclude>
    <ClInclude Include="D:\gzdoom custom\asmjit\asmjit\x86\x86regalloc_p.h">
      <Filter>Header Files</Filter>
    </ClInclude>
  </ItemGroup>
  <ItemGroup>
    <CustomBuild Include="D:\gzdoom custom\asmjit\CMakeLists.txt" />
  </ItemGroup>
  <ItemGroup>
    <Filter Include="Header Files">
      <UniqueIdentifier>{B09F927B-5D9A-3FD1-BD83-3A6138283E28}</UniqueIdentifier>
    </Filter>
    <Filter Include="Source Files">
      <UniqueIdentifier>{A2EB1DA6-09C8-3B21-A64B-9D3A0A9D8E49}</UniqueIdentifier>
    </Filter>
  </ItemGroup>
</Project>
