<?xml version="1.0" encoding="utf-8"?>
<Project ToolsVersion="15.0" xmlns="http://schemas.microsoft.com/developer/msbuild/2003">
  <ItemGroup>
    <ClCompile Include="D:\gzdoom custom\lzma\C\7zArcIn.c">
      <Filter>Source Files</Filter>
    </ClCompile>
    <ClCompile Include="D:\gzdoom custom\lzma\C\7zBuf.c">
      <Filter>Source Files</Filter>
    </ClCompile>
    <ClCompile Include="D:\gzdoom custom\lzma\C\7zCrc.c">
      <Filter>Source Files</Filter>
    </ClCompile>
    <ClCompile Include="D:\gzdoom custom\lzma\C\7zCrcOpt.c">
      <Filter>Source Files</Filter>
    </ClCompile>
    <ClCompile Include="D:\gzdoom custom\lzma\C\7zDec.c">
      <Filter>Source Files</Filter>
    </ClCompile>
    <ClCompile Include="D:\gzdoom custom\lzma\C\7zStream.c">
      <Filter>Source Files</Filter>
    </ClCompile>
    <ClCompile Include="D:\gzdoom custom\lzma\C\Bcj2.c">
      <Filter>Source Files</Filter>
    </ClCompile>
    <ClCompile Include="D:\gzdoom custom\lzma\C\Bra.c">
      <Filter>Source Files</Filter>
    </ClCompile>
    <ClCompile Include="D:\gzdoom custom\lzma\C\Bra86.c">
      <Filter>Source Files</Filter>
    </ClCompile>
    <ClCompile Include="D:\gzdoom custom\lzma\C\BraIA64.c">
      <Filter>Source Files</Filter>
    </ClCompile>
    <ClCompile Include="D:\gzdoom custom\lzma\C\CpuArch.c">
      <Filter>Source Files</Filter>
    </ClCompile>
    <ClCompile Include="D:\gzdoom custom\lzma\C\Delta.c">
      <Filter>Source Files</Filter>
    </ClCompile>
    <ClCompile Include="D:\gzdoom custom\lzma\C\LzFind.c">
      <Filter>Source Files</Filter>
    </ClCompile>
    <ClCompile Include="D:\gzdoom custom\lzma\C\Lzma2Dec.c">
      <Filter>Source Files</Filter>
    </ClCompile>
    <ClCompile Include="D:\gzdoom custom\lzma\C\LzmaDec.c">
      <Filter>Source Files</Filter>
    </ClCompile>
    <ClCompile Include="D:\gzdoom custom\lzma\C\LzmaEnc.c">
      <Filter>Source Files</Filter>
    </ClCompile>
    <ClCompile Include="D:\gzdoom custom\lzma\C\Ppmd7.c">
      <Filter>Source Files</Filter>
    </ClCompile>
    <ClCompile Include="D:\gzdoom custom\lzma\C\Ppmd7Dec.c">
      <Filter>Source Files</Filter>
    </ClCompile>
    <ClCompile Include="D:\gzdoom custom\lzma\C\LzFindMt.c">
      <Filter>Source Files</Filter>
    </ClCompile>
    <ClCompile Include="D:\gzdoom custom\lzma\C\Threads.c">
      <Filter>Source Files</Filter>
    </ClCompile>
  </ItemGroup>
  <ItemGroup>
    <CustomBuild Include="D:\gzdoom custom\lzma\CMakeLists.txt" />
  </ItemGroup>
  <ItemGroup>
    <Filter Include="Source Files">
      <UniqueIdentifier>{A2EB1DA6-09C8-3B21-A64B-9D3A0A9D8E49}</UniqueIdentifier>
    </Filter>
  </ItemGroup>
</Project>
