<?xml version="1.0" encoding="utf-8"?>
<Project ToolsVersion="15.0" xmlns="http://schemas.microsoft.com/developer/msbuild/2003">
  <ItemGroup>
    <CustomBuild Include="D:\gzdoom custom\Solution\CMakeFiles\ede76a521d329f5de427ff8c599dfc6d\lights.pk3.rule">
      <Filter>CMake Rules</Filter>
    </CustomBuild>
    <CustomBuild Include="D:\gzdoom custom\Solution\CMakeFiles\c7490b1fca596ab912c03d451c14ae66\lights_pk3.rule">
      <Filter>CMake Rules</Filter>
    </CustomBuild>
    <CustomBuild Include="D:\gzdoom custom\wadsrc_lights\CMakeLists.txt" />
  </ItemGroup>
  <ItemGroup>
    <None Include="D:\gzdoom custom\Solution\wadsrc_lights\CMakeFiles\lights_pk3" />
    <None Include="D:\gzdoom custom\wadsrc_lights\static\filter\doom.doom1\gldefs.txt">
      <Filter>Source Files\filter\doom.doom1</Filter>
    </None>
    <None Include="D:\gzdoom custom\wadsrc_lights\static\filter\doom.doom2\gldefs.txt">
      <Filter>Source Files\filter\doom.doom2</Filter>
    </None>
    <None Include="D:\gzdoom custom\wadsrc_lights\static\filter\doom.freedoom\gldefs.txt">
      <Filter>Source Files\filter\doom.freedoom</Filter>
    </None>
    <None Include="D:\gzdoom custom\wadsrc_lights\static\filter\heretic\gldefs.txt">
      <Filter>Source Files\filter\heretic</Filter>
    </None>
    <None Include="D:\gzdoom custom\wadsrc_lights\static\filter\hexen\gldefs.txt">
      <Filter>Source Files\filter\hexen</Filter>
    </None>
    <None Include="D:\gzdoom custom\wadsrc_lights\static\filter\strife\gldefs.txt">
      <Filter>Source Files\filter\strife</Filter>
    </None>
  </ItemGroup>
  <ItemGroup>
    <Filter Include="CMake Rules">
      <UniqueIdentifier>{6E36386B-C692-3C2D-BC43-B6C0FD3667BC}</UniqueIdentifier>
    </Filter>
    <Filter Include="Source Files">
      <UniqueIdentifier>{A2EB1DA6-09C8-3B21-A64B-9D3A0A9D8E49}</UniqueIdentifier>
    </Filter>
    <Filter Include="Source Files\filter">
      <UniqueIdentifier>{596122B8-78F6-340E-ACE2-0C1F267BB032}</UniqueIdentifier>
    </Filter>
    <Filter Include="Source Files\filter\doom.doom1">
      <UniqueIdentifier>{192F3A2E-E2D5-3C38-90B6-FC3C78074339}</UniqueIdentifier>
    </Filter>
    <Filter Include="Source Files\filter\doom.doom2">
      <UniqueIdentifier>{8071EA61-1AA2-3D1E-A6D2-C564618BD132}</UniqueIdentifier>
    </Filter>
    <Filter Include="Source Files\filter\doom.freedoom">
      <UniqueIdentifier>{D269122D-6091-3C34-A892-32147B1FEF76}</UniqueIdentifier>
    </Filter>
    <Filter Include="Source Files\filter\heretic">
      <UniqueIdentifier>{9C2010D5-431B-30AC-80F9-2C9A6DF584E9}</UniqueIdentifier>
    </Filter>
    <Filter Include="Source Files\filter\hexen">
      <UniqueIdentifier>{EA908F54-B98F-30F2-B79B-BB2A50641D16}</UniqueIdentifier>
    </Filter>
    <Filter Include="Source Files\filter\strife">
      <UniqueIdentifier>{D7E43A1C-44CB-3549-A09F-C60DD35F8E2D}</UniqueIdentifier>
    </Filter>
  </ItemGroup>
</Project>
