<?xml version="1.0" encoding="utf-8"?>
<Project ToolsVersion="15.0" xmlns="http://schemas.microsoft.com/developer/msbuild/2003">
  <ItemGroup>
    <ClCompile Include="D:\gzdoom custom\jpeg\jaricom.c">
      <Filter>Source Files</Filter>
    </ClCompile>
    <ClCompile Include="D:\gzdoom custom\jpeg\jcomapi.c">
      <Filter>Source Files</Filter>
    </ClCompile>
    <ClCompile Include="D:\gzdoom custom\jpeg\jdapimin.c">
      <Filter>Source Files</Filter>
    </ClCompile>
    <ClCompile Include="D:\gzdoom custom\jpeg\jdapistd.c">
      <Filter>Source Files</Filter>
    </ClCompile>
    <ClCompile Include="D:\gzdoom custom\jpeg\jdarith.c">
      <Filter>Source Files</Filter>
    </ClCompile>
    <ClCompile Include="D:\gzdoom custom\jpeg\jdatasrc.c">
      <Filter>Source Files</Filter>
    </ClCompile>
    <ClCompile Include="D:\gzdoom custom\jpeg\jdcoefct.c">
      <Filter>Source Files</Filter>
    </ClCompile>
    <ClCompile Include="D:\gzdoom custom\jpeg\jdcolor.c">
      <Filter>Source Files</Filter>
    </ClCompile>
    <ClCompile Include="D:\gzdoom custom\jpeg\jddctmgr.c">
      <Filter>Source Files</Filter>
    </ClCompile>
    <ClCompile Include="D:\gzdoom custom\jpeg\jdhuff.c">
      <Filter>Source Files</Filter>
    </ClCompile>
    <ClCompile Include="D:\gzdoom custom\jpeg\jdinput.c">
      <Filter>Source Files</Filter>
    </ClCompile>
    <ClCompile Include="D:\gzdoom custom\jpeg\jdmainct.c">
      <Filter>Source Files</Filter>
    </ClCompile>
    <ClCompile Include="D:\gzdoom custom\jpeg\jdmarker.c">
      <Filter>Source Files</Filter>
    </ClCompile>
    <ClCompile Include="D:\gzdoom custom\jpeg\jdmaster.c">
      <Filter>Source Files</Filter>
    </ClCompile>
    <ClCompile Include="D:\gzdoom custom\jpeg\jdmerge.c">
      <Filter>Source Files</Filter>
    </ClCompile>
    <ClCompile Include="D:\gzdoom custom\jpeg\jdpostct.c">
      <Filter>Source Files</Filter>
    </ClCompile>
    <ClCompile Include="D:\gzdoom custom\jpeg\jdsample.c">
      <Filter>Source Files</Filter>
    </ClCompile>
    <ClCompile Include="D:\gzdoom custom\jpeg\jerror.c">
      <Filter>Source Files</Filter>
    </ClCompile>
    <ClCompile Include="D:\gzdoom custom\jpeg\jidctflt.c">
      <Filter>Source Files</Filter>
    </ClCompile>
    <ClCompile Include="D:\gzdoom custom\jpeg\jidctfst.c">
      <Filter>Source Files</Filter>
    </ClCompile>
    <ClCompile Include="D:\gzdoom custom\jpeg\jidctint.c">
      <Filter>Source Files</Filter>
    </ClCompile>
    <ClCompile Include="D:\gzdoom custom\jpeg\jmemansi.c">
      <Filter>Source Files</Filter>
    </ClCompile>
    <ClCompile Include="D:\gzdoom custom\jpeg\jmemmgr.c">
      <Filter>Source Files</Filter>
    </ClCompile>
    <ClCompile Include="D:\gzdoom custom\jpeg\jquant1.c">
      <Filter>Source Files</Filter>
    </ClCompile>
    <ClCompile Include="D:\gzdoom custom\jpeg\jquant2.c">
      <Filter>Source Files</Filter>
    </ClCompile>
    <ClCompile Include="D:\gzdoom custom\jpeg\jutils.c">
      <Filter>Source Files</Filter>
    </ClCompile>
  </ItemGroup>
  <ItemGroup>
    <CustomBuild Include="D:\gzdoom custom\jpeg\CMakeLists.txt" />
  </ItemGroup>
  <ItemGroup>
    <Filter Include="Source Files">
      <UniqueIdentifier>{A2EB1DA6-09C8-3B21-A64B-9D3A0A9D8E49}</UniqueIdentifier>
    </Filter>
  </ItemGroup>
</Project>
